
Microsoft Visual Studio Solution File, Format Version 12.00
# Visual Studio 15
VisualStudioVersion = 15.0.27130.0
MinimumVisualStudioVersion = 10.0.40219.1
Project("{8BC9CEB8-8B4A-11D0-8D11-00A0C91BC942}") = "Silver-core", "Silver-core\Silver-core.vcxproj", "{B4754EC8-429E-4C36-BBB3-6C71772015B8}"
EndProject
Project("{8BC9CEB8-8B4A-11D0-8D11-00A0C91BC942}") = "Silver-sandbox", "Silver-sandbox\Silver-sandbox.vcxproj", "{30D9FDAB-24AA-43FF-93A3-5D16A4304F6A}"
	ProjectSection(ProjectDependencies) = postProject
		{B4754EC8-429E-4C36-BBB3-6C71772015B8} = {B4754EC8-429E-4C36-BBB3-6C71772015B8}
	EndProjectSection
EndProject
Project("{2150E333-8FDC-42A3-9474-1A3956D46DE8}") = "Dependencies", "Dependencies", "{4796B93F-73F2-457E-BFE2-09289DE689DA}"
EndProject
Project("{8BC9CEB8-8B4A-11D0-8D11-00A0C91BC942}") = "GLEW", "Dependencies\GLEW\GLEW.vcxproj", "{19A502AD-B77E-4CE8-BDD8-65CB13D6D574}"
EndProject
Global
	GlobalSection(SolutionConfigurationPlatforms) = preSolution
		Debug|x64 = Debug|x64
		Debug|x86 = Debug|x86
		Release|x64 = Release|x64
		Release|x86 = Release|x86
	EndGlobalSection
	GlobalSection(ProjectConfigurationPlatforms) = postSolution
		{B4754EC8-429E-4C36-BBB3-6C71772015B8}.Debug|x64.ActiveCfg = Debug|x64
		{B4754EC8-429E-4C36-BBB3-6C71772015B8}.Debug|x64.Build.0 = Debug|x64
		{B4754EC8-429E-4C36-BBB3-6C71772015B8}.Debug|x86.ActiveCfg = Debug|x64
		{B4754EC8-429E-4C36-BBB3-6C71772015B8}.Debug|x86.Build.0 = Debug|x64
		{B4754EC8-429E-4C36-BBB3-6C71772015B8}.Release|x64.ActiveCfg = Debug|x64
		{B4754EC8-429E-4C36-BBB3-6C71772015B8}.Release|x64.Build.0 = Debug|x64
		{B4754EC8-429E-4C36-BBB3-6C71772015B8}.Release|x86.ActiveCfg = Debug|x64
		{B4754EC8-429E-4C36-BBB3-6C71772015B8}.Release|x86.Build.0 = Debug|x64
		{30D9FDAB-24AA-43FF-93A3-5D16A4304F6A}.Debug|x64.ActiveCfg = Debug|x64
		{30D9FDAB-24AA-43FF-93A3-5D16A4304F6A}.Debug|x64.Build.0 = Debug|x64
		{30D9FDAB-24AA-43FF-93A3-5D16A4304F6A}.Debug|x86.ActiveCfg = Debug|x64
		{30D9FDAB-24AA-43FF-93A3-5D16A4304F6A}.Debug|x86.Build.0 = Debug|x64
		{30D9FDAB-24AA-43FF-93A3-5D16A4304F6A}.Release|x64.ActiveCfg = Debug|x64
		{30D9FDAB-24AA-43FF-93A3-5D16A4304F6A}.Release|x64.Build.0 = Debug|x64
		{30D9FDAB-24AA-43FF-93A3-5D16A4304F6A}.Release|x86.ActiveCfg = Debug|x64
		{30D9FDAB-24AA-43FF-93A3-5D16A4304F6A}.Release|x86.Build.0 = Debug|x64
		{19A502AD-B77E-4CE8-BDD8-65CB13D6D574}.Debug|x64.ActiveCfg = Debug|x64
		{19A502AD-B77E-4CE8-BDD8-65CB13D6D574}.Debug|x86.ActiveCfg = Debug|x64
		{19A502AD-B77E-4CE8-BDD8-65CB13D6D574}.Release|x64.ActiveCfg = Debug|x64
		{19A502AD-B77E-4CE8-BDD8-65CB13D6D574}.Release|x86.ActiveCfg = Debug|x64
	EndGlobalSection
	GlobalSection(SolutionProperties) = preSolution
		HideSolutionNode = FALSE
	EndGlobalSection
	GlobalSection(NestedProjects) = preSolution
		{19A502AD-B77E-4CE8-BDD8-65CB13D6D574} = {4796B93F-73F2-457E-BFE2-09289DE689DA}
	EndGlobalSection
	GlobalSection(ExtensibilityGlobals) = postSolution
		SolutionGuid = {4A53A782-459B-4FB8-9B2D-4C7347E61DE0}
	EndGlobalSection
EndGlobal
