<?xml version="1.0" encoding="utf-8"?>
<Project ToolsVersion="4.0" xmlns="http://schemas.microsoft.com/developer/msbuild/2003">
  <ItemGroup>
    <Filter Include="Source Files">
      <UniqueIdentifier>{4FC737F1-C7A5-4376-A066-2A32D752A2FF}</UniqueIdentifier>
      <Extensions>cpp;c;cc;cxx;def;odl;idl;hpj;bat;asm;asmx</Extensions>
    </Filter>
    <Filter Include="Header Files">
      <UniqueIdentifier>{93995380-89BD-4b04-88EB-625FBE52EBFB}</UniqueIdentifier>
      <Extensions>h;hh;hpp;hxx;hm;inl;inc;xsd</Extensions>
    </Filter>
    <Filter Include="Resource Files">
      <UniqueIdentifier>{67DA6AB6-F800-4c08-8B7A-83BB121AAD01}</UniqueIdentifier>
      <Extensions>rc;ico;cur;bmp;dlg;rc2;rct;bin;rgs;gif;jpg;jpeg;jpe;resx;tiff;tif;png;wav;mfcribbon-ms</Extensions>
    </Filter>
  </ItemGroup>
  <ItemGroup>
    <ClInclude Include="src\app\Application.hpp">
      <Filter>Header Files</Filter>
    </ClInclude>
    <ClInclude Include="src\util\logger\Logger.hpp">
      <Filter>Header Files</Filter>
    </ClInclude>
    <ClInclude Include="src\config.hpp">
      <Filter>Header Files</Filter>
    </ClInclude>
    <ClInclude Include="src\exceptions\Exception.hpp">
      <Filter>Header Files</Filter>
    </ClInclude>
    <ClInclude Include="src\common.hpp">
      <Filter>Header Files</Filter>
    </ClInclude>
    <ClInclude Include="src\settings\WindowSettings.hpp">
      <Filter>Header Files</Filter>
    </ClInclude>
    <ClInclude Include="src\settings\Settings.hpp">
      <Filter>Header Files</Filter>
    </ClInclude>
    <ClInclude Include="src\util\logger\logger_base.hpp">
      <Filter>Header Files</Filter>
    </ClInclude>
    <ClInclude Include="src\platform\windows\Logger_win32.hpp">
      <Filter>Header Files</Filter>
    </ClInclude>
    <ClInclude Include="src\platform\windows\Clock_win32.hpp">
      <Filter>Header Files</Filter>
    </ClInclude>
    <ClInclude Include="src\settings\ApplicationSettings.hpp">
      <Filter>Header Files</Filter>
    </ClInclude>
    <ClInclude Include="src\clock\TimeStep.hpp">
      <Filter>Header Files</Filter>
    </ClInclude>
    <ClInclude Include="src\platform\windows\Window_win32.hpp">
      <Filter>Header Files</Filter>
    </ClInclude>
    <ClInclude Include="src\clock\Clock.hpp">
      <Filter>Header Files</Filter>
    </ClInclude>
    <ClInclude Include="src\clock\Clock_API.hpp">
      <Filter>Header Files</Filter>
    </ClInclude>
    <ClInclude Include="src\window\Window_API.hpp">
      <Filter>Header Files</Filter>
    </ClInclude>
    <ClInclude Include="src\window\Window.hpp">
      <Filter>Header Files</Filter>
    </ClInclude>
    <ClInclude Include="src\exceptions\CriticalException.hpp">
      <Filter>Header Files</Filter>
    </ClInclude>
    <ClInclude Include="src\graphic\system\OpenGL\GLContext.hpp">
      <Filter>Header Files</Filter>
    </ClInclude>
    <ClInclude Include="src\event\keyboard\KeyboardEvent.hpp">
      <Filter>Header Files</Filter>
    </ClInclude>
    <ClInclude Include="src\event\keyboard\KeyboardPressedEvent.hpp">
      <Filter>Header Files</Filter>
    </ClInclude>
    <ClInclude Include="src\input\KeyCode.hpp">
      <Filter>Header Files</Filter>
    </ClInclude>
    <ClInclude Include="src\util\translator\Translator.hpp">
      <Filter>Header Files</Filter>
    </ClInclude>
    <ClInclude Include="src\platform\windows\KeyCodeTranslator_win32.hpp">
      <Filter>Header Files</Filter>
    </ClInclude>
    <ClInclude Include="src\event\keyboard\KeyboardReleasedEvent.hpp">
      <Filter>Header Files</Filter>
    </ClInclude>
    <ClInclude Include="src\event\Event_base.hpp">
      <Filter>Header Files</Filter>
    </ClInclude>
    <ClInclude Include="src\event\window\WindowEvent.hpp">
      <Filter>Header Files</Filter>
    </ClInclude>
    <ClInclude Include="src\event\window\WindowResizeEvent.hpp">
      <Filter>Header Files</Filter>
    </ClInclude>
    <ClInclude Include="src\math\Vector2.hpp">
      <Filter>Header Files</Filter>
    </ClInclude>
    <ClInclude Include="src\math\math.hpp">
      <Filter>Header Files</Filter>
    </ClInclude>
    <ClInclude Include="src\event\events.hpp">
      <Filter>Header Files</Filter>
    </ClInclude>
    <ClInclude Include="src\event\window\WindowFocusEvent.hpp">
      <Filter>Header Files</Filter>
    </ClInclude>
    <ClInclude Include="src\event\window\WindowCloseEvent.hpp">
      <Filter>Header Files</Filter>
    </ClInclude>
    <ClInclude Include="src\event\window\WindowDestroyEvent.hpp">
      <Filter>Header Files</Filter>
    </ClInclude>
    <ClInclude Include="src\event\window\WindowCreateEvent.hpp">
      <Filter>Header Files</Filter>
    </ClInclude>
    <ClInclude Include="src\event\window\WindowShowEvent.hpp">
      <Filter>Header Files</Filter>
    </ClInclude>
    <ClInclude Include="src\event\mouse\MouseEvent.hpp">
      <Filter>Header Files</Filter>
    </ClInclude>
    <ClInclude Include="src\input\MouseCode.hpp">
      <Filter>Header Files</Filter>
    </ClInclude>
    <ClInclude Include="src\input\KeyModifier.hpp">
      <Filter>Header Files</Filter>
    </ClInclude>
    <ClInclude Include="src\event\mouse\MousePressedEvent.hpp">
      <Filter>Header Files</Filter>
    </ClInclude>
    <ClInclude Include="src\event\mouse\MouseReleasedEvent.hpp">
      <Filter>Header Files</Filter>
    </ClInclude>
    <ClInclude Include="src\event\mouse\MouseMovedEvent.hpp">
      <Filter>Header Files</Filter>
    </ClInclude>
    <ClInclude Include="src\event\mouse\MouseWheelEvent.hpp">
      <Filter>Header Files</Filter>
    </ClInclude>
    <ClInclude Include="src\input\InputManager.hpp">
      <Filter>Header Files</Filter>
    </ClInclude>
    <ClInclude Include="src\graphic\context\Context.hpp">
      <Filter>Header Files</Filter>
    </ClInclude>
    <ClInclude Include="src\graphic\renderer\Renderer.hpp">
      <Filter>Header Files</Filter>
    </ClInclude>
    <ClInclude Include="src\graphic\system\OpenGL\GLRenderer.hpp">
      <Filter>Header Files</Filter>
    </ClInclude>
    <ClInclude Include="src\math\Vector3.hpp">
      <Filter>Header Files</Filter>
    </ClInclude>
    <ClInclude Include="src\math\Vector4.hpp">
      <Filter>Header Files</Filter>
    </ClInclude>
    <ClInclude Include="src\math\Matrix2.hpp">
      <Filter>Header Files</Filter>
    </ClInclude>
    <ClInclude Include="src\graphic\system\OpenGL\GLBufferLayout.hpp">
      <Filter>Header Files</Filter>
    </ClInclude>
    <ClInclude Include="src\graphic\buffer\BufferStructure.hpp">
      <Filter>Header Files</Filter>
    </ClInclude>
    <ClInclude Include="src\graphic\buffer\VertexBuffer.hpp">
      <Filter>Header Files</Filter>
    </ClInclude>
    <ClInclude Include="src\graphic\system\OpenGL\GLVertexBuffer.hpp">
      <Filter>Header Files</Filter>
    </ClInclude>
    <ClInclude Include="src\graphic\buffer\BufferLayout.hpp">
      <Filter>Header Files</Filter>
    </ClInclude>
    <ClInclude Include="src\graphic\buffer\VertexArray.hpp">
      <Filter>Header Files</Filter>
    </ClInclude>
    <ClInclude Include="src\graphic\system\OpenGL\GLVertexArray.hpp">
      <Filter>Header Files</Filter>
    </ClInclude>
    <ClInclude Include="src\graphic\buffer\IndexBuffer.hpp">
      <Filter>Header Files</Filter>
    </ClInclude>
    <ClInclude Include="src\graphic\system\OpenGL\GLIndexBuffer.hpp">
      <Filter>Header Files</Filter>
    </ClInclude>
    <ClInclude Include="src\graphic\shader\Shader.hpp">
      <Filter>Header Files</Filter>
    </ClInclude>
    <ClInclude Include="src\types.hpp">
      <Filter>Header Files</Filter>
    </ClInclude>
    <ClInclude Include="src\graphic\system\OpenGL\GLShader.hpp">
      <Filter>Header Files</Filter>
    </ClInclude>
    <ClInclude Include="src\math\Matrix3.hpp">
      <Filter>Header Files</Filter>
    </ClInclude>
    <ClInclude Include="src\math\Matrix4.hpp">
      <Filter>Header Files</Filter>
    </ClInclude>
    <ClInclude Include="src\util\io\FileReader.hpp">
      <Filter>Header Files</Filter>
    </ClInclude>
    <ClInclude Include="src\platform\windows\FileReader_win32.hpp">
      <Filter>Header Files</Filter>
    </ClInclude>
    <ClInclude Include="src\graphic\buffer\Buffer.hpp">
      <Filter>Header Files</Filter>
    </ClInclude>
    <ClInclude Include="src\graphic\entity\Renderable2D.hpp">
      <Filter>Header Files</Filter>
    </ClInclude>
    <ClInclude Include="src\graphic\entity\Shape2D.hpp">
      <Filter>Header Files</Filter>
    </ClInclude>
    <ClInclude Include="src\graphic\scene\Scene.hpp">
      <Filter>Header Files</Filter>
    </ClInclude>
    <ClInclude Include="src\graphic\scene\layer\console\LoggerLayer.hpp">
      <Filter>Header Files</Filter>
    </ClInclude>
    <ClInclude Include="src\graphic\scene\layer\Layer.hpp">
      <Filter>Header Files</Filter>
    </ClInclude>
    <ClInclude Include="src\graphic\scene\layer\layers.hpp">
      <Filter>Header Files</Filter>
    </ClInclude>
    <ClInclude Include="src\graphic\scene\layer\Layer2D.hpp">
      <Filter>Header Files</Filter>
    </ClInclude>
    <ClInclude Include="src\graphic\renderer\Renderer2D.hpp">
      <Filter>Header Files</Filter>
    </ClInclude>
    <ClInclude Include="src\graphic\system\OpenGL\GLDebug.hpp">
      <Filter>Header Files</Filter>
    </ClInclude>
    <ClInclude Include="src\graphic\mesh\Mesh.hpp">
      <Filter>Header Files</Filter>
    </ClInclude>
    <ClInclude Include="src\graphic\mesh\MeshCreator.hpp">
      <Filter>Header Files</Filter>
    </ClInclude>
    <ClInclude Include="src\event\engine\EngineEvent.hpp">
      <Filter>Header Files</Filter>
    </ClInclude>
    <ClInclude Include="src\event\engine\EnginePauseEvent.hpp">
      <Filter>Header Files</Filter>
    </ClInclude>
    <ClInclude Include="src\event\engine\EngineResumeEvent.hpp">
      <Filter>Header Files</Filter>
    </ClInclude>
    <ClInclude Include="src\event\engine\EngineStartEvent.hpp">
      <Filter>Header Files</Filter>
    </ClInclude>
    <ClInclude Include="src\event\engine\EngineStopEvent.hpp">
      <Filter>Header Files</Filter>
    </ClInclude>
    <ClInclude Include="src\event\engine\EngineExitEvent.hpp">
      <Filter>Header Files</Filter>
    </ClInclude>
  </ItemGroup>
  <ItemGroup>
    <ClCompile Include="src\app\Application.cpp">
      <Filter>Source Files</Filter>
    </ClCompile>
    <ClCompile Include="src\platform\windows\Logger_win32.cpp">
      <Filter>Source Files</Filter>
    </ClCompile>
    <ClCompile Include="src\platform\windows\Clock_win32.cpp">
      <Filter>Source Files</Filter>
    </ClCompile>
    <ClCompile Include="src\platform\windows\Window_win32.cpp">
      <Filter>Source Files</Filter>
    </ClCompile>
    <ClCompile Include="src\exceptions\CriticalException.cpp">
      <Filter>Source Files</Filter>
    </ClCompile>
    <ClCompile Include="src\graphic\system\OpenGL\GLContext.cpp">
      <Filter>Source Files</Filter>
    </ClCompile>
    <ClCompile Include="src\window\Window_API.cpp">
      <Filter>Source Files</Filter>
    </ClCompile>
    <ClCompile Include="src\event\keyboard\KeyboardEvent.cpp">
      <Filter>Source Files</Filter>
    </ClCompile>
    <ClCompile Include="src\event\keyboard\KeyboardPressedEvent.cpp">
      <Filter>Source Files</Filter>
    </ClCompile>
    <ClCompile Include="src\util\translator\Translator.cpp">
      <Filter>Source Files</Filter>
    </ClCompile>
    <ClCompile Include="src\platform\windows\KeyCodeTranslator_win32.cpp">
      <Filter>Source Files</Filter>
    </ClCompile>
    <ClCompile Include="src\event\keyboard\KeyboardReleasedEvent.cpp">
      <Filter>Source Files</Filter>
    </ClCompile>
    <ClCompile Include="src\event\Event_base.cpp">
      <Filter>Source Files</Filter>
    </ClCompile>
    <ClCompile Include="src\input\KeyCode.cpp">
      <Filter>Source Files</Filter>
    </ClCompile>
    <ClCompile Include="src\event\window\WindowEvent.cpp">
      <Filter>Source Files</Filter>
    </ClCompile>
    <ClCompile Include="src\event\window\WindowResizeEvent.cpp">
      <Filter>Source Files</Filter>
    </ClCompile>
    <ClCompile Include="src\event\window\WindowFocusEvent.cpp">
      <Filter>Source Files</Filter>
    </ClCompile>
    <ClCompile Include="src\event\window\WindowCloseEvent.cpp">
      <Filter>Source Files</Filter>
    </ClCompile>
    <ClCompile Include="src\event\window\WindowDestroyEvent.cpp">
      <Filter>Source Files</Filter>
    </ClCompile>
    <ClCompile Include="src\event\window\WindowCreateEvent.cpp">
      <Filter>Source Files</Filter>
    </ClCompile>
    <ClCompile Include="src\event\window\WindowShowEvent.cpp">
      <Filter>Source Files</Filter>
    </ClCompile>
    <ClCompile Include="src\event\mouse\MouseEvent.cpp">
      <Filter>Source Files</Filter>
    </ClCompile>
    <ClCompile Include="src\input\MouseCode.cpp">
      <Filter>Source Files</Filter>
    </ClCompile>
    <ClCompile Include="src\event\mouse\MousePressedEvent.cpp">
      <Filter>Source Files</Filter>
    </ClCompile>
    <ClCompile Include="src\event\mouse\MouseMovedEvent.cpp">
      <Filter>Source Files</Filter>
    </ClCompile>
    <ClCompile Include="src\event\mouse\MouseReleasedEvent.cpp">
      <Filter>Source Files</Filter>
    </ClCompile>
    <ClCompile Include="src\event\mouse\MouseWheelEvent.cpp">
      <Filter>Source Files</Filter>
    </ClCompile>
    <ClCompile Include="src\input\InputManager.cpp">
      <Filter>Source Files</Filter>
    </ClCompile>
    <ClCompile Include="src\graphic\context\Context.cpp">
      <Filter>Source Files</Filter>
    </ClCompile>
    <ClCompile Include="src\graphic\renderer\Renderer.cpp">
      <Filter>Source Files</Filter>
    </ClCompile>
    <ClCompile Include="src\graphic\system\OpenGL\GLRenderer.cpp">
      <Filter>Source Files</Filter>
    </ClCompile>
    <ClCompile Include="src\graphic\system\OpenGL\GLBufferLayout.cpp">
      <Filter>Source Files</Filter>
    </ClCompile>
    <ClCompile Include="src\graphic\buffer\VertexBuffer.cpp">
      <Filter>Source Files</Filter>
    </ClCompile>
    <ClCompile Include="src\graphic\system\OpenGL\GLVertexBuffer.cpp">
      <Filter>Source Files</Filter>
    </ClCompile>
    <ClCompile Include="src\graphic\buffer\BufferLayout.cpp">
      <Filter>Source Files</Filter>
    </ClCompile>
    <ClCompile Include="src\graphic\buffer\VertexArray.cpp">
      <Filter>Source Files</Filter>
    </ClCompile>
    <ClCompile Include="src\graphic\system\OpenGL\GLVertexArray.cpp">
      <Filter>Source Files</Filter>
    </ClCompile>
    <ClCompile Include="src\graphic\buffer\IndexBuffer.cpp">
      <Filter>Source Files</Filter>
    </ClCompile>
    <ClCompile Include="src\graphic\system\OpenGL\GLIndexBuffer.cpp">
      <Filter>Source Files</Filter>
    </ClCompile>
    <ClCompile Include="src\graphic\system\OpenGL\GLShader.cpp">
      <Filter>Source Files</Filter>
    </ClCompile>
    <ClCompile Include="src\graphic\shader\Shader.cpp">
      <Filter>Source Files</Filter>
    </ClCompile>
    <ClCompile Include="src\platform\windows\FileReader_win32.cpp">
      <Filter>Source Files</Filter>
    </ClCompile>
    <ClCompile Include="src\graphic\scene\Scene.cpp">
      <Filter>Source Files</Filter>
    </ClCompile>
    <ClCompile Include="src\graphic\scene\layer\console\LoggerLayer.cpp">
      <Filter>Source Files</Filter>
    </ClCompile>
    <ClCompile Include="src\graphic\scene\layer\Layer.cpp">
      <Filter>Source Files</Filter>
    </ClCompile>
    <ClCompile Include="src\graphic\renderer\Renderer2D.cpp">
      <Filter>Source Files</Filter>
    </ClCompile>
    <ClCompile Include="src\graphic\mesh\MeshCreator.cpp">
      <Filter>Source Files</Filter>
    </ClCompile>
  </ItemGroup>
</Project>