<?xml version="1.0" encoding="utf-8"?>
<Project ToolsVersion="4.0" xmlns="http://schemas.microsoft.com/developer/msbuild/2003">
  <ItemGroup>
    <Filter Include="Source Files">
      <UniqueIdentifier>{4FC737F1-C7A5-4376-A066-2A32D752A2FF}</UniqueIdentifier>
      <Extensions>cpp;c;cc;cxx;def;odl;idl;hpj;bat;asm;asmx</Extensions>
    </Filter>
    <Filter Include="Header Files">
      <UniqueIdentifier>{93995380-89BD-4b04-88EB-625FBE52EBFB}</UniqueIdentifier>
      <Extensions>h;hh;hpp;hxx;hm;inl;inc;xsd</Extensions>
    </Filter>
    <Filter Include="Resource Files">
      <UniqueIdentifier>{67DA6AB6-F800-4c08-8B7A-83BB121AAD01}</UniqueIdentifier>
      <Extensions>rc;ico;cur;bmp;dlg;rc2;rct;bin;rgs;gif;jpg;jpeg;jpe;resx;tiff;tif;png;wav;mfcribbon-ms</Extensions>
    </Filter>
  </ItemGroup>
  <ItemGroup>
    <ClInclude Include="src\app\Application.hpp">
      <Filter>Header Files</Filter>
    </ClInclude>
    <ClInclude Include="src\util\logger\Logger.hpp">
      <Filter>Header Files</Filter>
    </ClInclude>
    <ClInclude Include="src\config.hpp">
      <Filter>Header Files</Filter>
    </ClInclude>
    <ClInclude Include="src\exceptions\Exception.hpp">
      <Filter>Header Files</Filter>
    </ClInclude>
    <ClInclude Include="src\common.hpp">
      <Filter>Header Files</Filter>
    </ClInclude>
    <ClInclude Include="src\settings\WindowSettings.hpp">
      <Filter>Header Files</Filter>
    </ClInclude>
    <ClInclude Include="src\settings\Settings.hpp">
      <Filter>Header Files</Filter>
    </ClInclude>
    <ClInclude Include="src\util\logger\logger_base.hpp">
      <Filter>Header Files</Filter>
    </ClInclude>
    <ClInclude Include="src\platform\windows\Logger_win32.hpp">
      <Filter>Header Files</Filter>
    </ClInclude>
    <ClInclude Include="src\platform\windows\Clock_win32.hpp">
      <Filter>Header Files</Filter>
    </ClInclude>
    <ClInclude Include="src\settings\ApplicationSettings.hpp">
      <Filter>Header Files</Filter>
    </ClInclude>
    <ClInclude Include="src\clock\TimeStep.hpp">
      <Filter>Header Files</Filter>
    </ClInclude>
    <ClInclude Include="src\platform\windows\Window_win32.hpp">
      <Filter>Header Files</Filter>
    </ClInclude>
    <ClInclude Include="src\clock\Clock.hpp">
      <Filter>Header Files</Filter>
    </ClInclude>
    <ClInclude Include="src\clock\Clock_API.hpp">
      <Filter>Header Files</Filter>
    </ClInclude>
    <ClInclude Include="src\window\Window_API.hpp">
      <Filter>Header Files</Filter>
    </ClInclude>
    <ClInclude Include="src\window\Window.hpp">
      <Filter>Header Files</Filter>
    </ClInclude>
    <ClInclude Include="src\exceptions\CriticalException.hpp">
      <Filter>Header Files</Filter>
    </ClInclude>
    <ClInclude Include="src\graphic\system\OpenGL\GLContext.hpp">
      <Filter>Header Files</Filter>
    </ClInclude>
    <ClInclude Include="src\graphic\system\Context.hpp">
      <Filter>Header Files</Filter>
    </ClInclude>
    <ClInclude Include="src\graphic\system\RenderingContext.hpp">
      <Filter>Header Files</Filter>
    </ClInclude>
    <ClInclude Include="src\event\Event.hpp">
      <Filter>Header Files</Filter>
    </ClInclude>
    <ClInclude Include="src\event\keyboard\KeyboardEvent.hpp">
      <Filter>Header Files</Filter>
    </ClInclude>
    <ClInclude Include="src\event\keyboard\KeyboardPressedEvent.hpp">
      <Filter>Header Files</Filter>
    </ClInclude>
  </ItemGroup>
  <ItemGroup>
    <ClCompile Include="src\app\Application.cpp">
      <Filter>Source Files</Filter>
    </ClCompile>
    <ClCompile Include="src\platform\windows\Logger_win32.cpp">
      <Filter>Source Files</Filter>
    </ClCompile>
    <ClCompile Include="src\platform\windows\Clock_win32.cpp">
      <Filter>Source Files</Filter>
    </ClCompile>
    <ClCompile Include="src\platform\windows\Window_win32.cpp">
      <Filter>Source Files</Filter>
    </ClCompile>
    <ClCompile Include="src\exceptions\CriticalException.cpp">
      <Filter>Source Files</Filter>
    </ClCompile>
    <ClCompile Include="src\graphic\system\OpenGL\GLContext.cpp">
      <Filter>Source Files</Filter>
    </ClCompile>
    <ClCompile Include="src\graphic\system\Context.cpp">
      <Filter>Source Files</Filter>
    </ClCompile>
    <ClCompile Include="src\window\Window_API.cpp">
      <Filter>Source Files</Filter>
    </ClCompile>
    <ClCompile Include="src\event\Event.cpp">
      <Filter>Source Files</Filter>
    </ClCompile>
    <ClCompile Include="src\event\keyboard\KeyboardEvent.cpp">
      <Filter>Source Files</Filter>
    </ClCompile>
    <ClCompile Include="src\event\keyboard\KeyboardPressedEvent.cpp">
      <Filter>Source Files</Filter>
    </ClCompile>
  </ItemGroup>
</Project>